// !$*UTF8*$!
{
	archiveVersion = 1;
	classes = {
	};
	objectVersion = 46;
	objects = {

/* Begin PBXBuildFile section */
		AE3C953C16A626C1004FE262 /* StoryViewControllerSpec.mm in Sources */ = {isa = PBXBuildFile; fileRef = AE3C953B16A626C1004FE262 /* StoryViewControllerSpec.mm */; settings = {COMPILER_FLAGS = "-fno-objc-arc"; }; };
		AE3C953F16A62B4D004FE262 /* TextFieldCell.m in Sources */ = {isa = PBXBuildFile; fileRef = AE3C953E16A62B4D004FE262 /* TextFieldCell.m */; };
		AE3C954016A62B4D004FE262 /* TextFieldCell.m in Sources */ = {isa = PBXBuildFile; fileRef = AE3C953E16A62B4D004FE262 /* TextFieldCell.m */; };
		AE3C954216A62E63004FE262 /* TextFieldCellSpec.mm in Sources */ = {isa = PBXBuildFile; fileRef = AE3C954116A62E63004FE262 /* TextFieldCellSpec.mm */; settings = {COMPILER_FLAGS = "-fno-objc-arc"; }; };
		AE3C954516A634A0004FE262 /* TextViewCell.m in Sources */ = {isa = PBXBuildFile; fileRef = AE3C954416A634A0004FE262 /* TextViewCell.m */; };
		AE3C954616A634A0004FE262 /* TextViewCell.m in Sources */ = {isa = PBXBuildFile; fileRef = AE3C954416A634A0004FE262 /* TextViewCell.m */; };
		AE3C957216A636FA004FE262 /* Story.m in Sources */ = {isa = PBXBuildFile; fileRef = AE3C957116A636FA004FE262 /* Story.m */; };
		AE3C957316A636FA004FE262 /* Story.m in Sources */ = {isa = PBXBuildFile; fileRef = AE3C957116A636FA004FE262 /* Story.m */; };
		AE3C957416A636FA004FE262 /* Story.m in Sources */ = {isa = PBXBuildFile; fileRef = AE3C957116A636FA004FE262 /* Story.m */; };
		AE533FE4166EC06000B5BEA1 /* UIKit.framework in Frameworks */ = {isa = PBXBuildFile; fileRef = AEFCCE23166EBF7D00D5AA5A /* UIKit.framework */; };
		AE533FE5166EC06000B5BEA1 /* Foundation.framework in Frameworks */ = {isa = PBXBuildFile; fileRef = AEFCCE25166EBF7D00D5AA5A /* Foundation.framework */; };
		AE533FE6166EC06000B5BEA1 /* CoreGraphics.framework in Frameworks */ = {isa = PBXBuildFile; fileRef = AEFCCE27166EBF7D00D5AA5A /* CoreGraphics.framework */; };
		AE533FEC166EC06000B5BEA1 /* InfoPlist.strings in Resources */ = {isa = PBXBuildFile; fileRef = AE533FEA166EC06000B5BEA1 /* InfoPlist.strings */; };
		AE533FEE166EC06000B5BEA1 /* main.m in Sources */ = {isa = PBXBuildFile; fileRef = AE533FED166EC06000B5BEA1 /* main.m */; };
		AE533FF1166EC06000B5BEA1 /* Cedar-iOS.framework in Frameworks */ = {isa = PBXBuildFile; fileRef = AE533FF0166EC06000B5BEA1 /* Cedar-iOS.framework */; };
		AE533FFE166EC0A900B5BEA1 /* Foundation.framework in Frameworks */ = {isa = PBXBuildFile; fileRef = AEFCCE25166EBF7D00D5AA5A /* Foundation.framework */; };
		AE534003166EC0A900B5BEA1 /* Cedar.framework in Frameworks */ = {isa = PBXBuildFile; fileRef = AE534002166EC0A900B5BEA1 /* Cedar.framework */; };
		AE534005166EC0A900B5BEA1 /* main.m in Sources */ = {isa = PBXBuildFile; fileRef = AE534004166EC0A900B5BEA1 /* main.m */; };
		AE53400C166EC3D100B5BEA1 /* AppDelegateSpec.mm in Sources */ = {isa = PBXBuildFile; fileRef = AE53400B166EC3D100B5BEA1 /* AppDelegateSpec.mm */; settings = {COMPILER_FLAGS = "-fno-objc-arc"; }; };
		AE53400D166EC5ED00B5BEA1 /* AppDelegate.m in Sources */ = {isa = PBXBuildFile; fileRef = AEFCCE33166EBF7D00D5AA5A /* AppDelegate.m */; };
		AE534010166EC76D00B5BEA1 /* MyStoriesViewController.m in Sources */ = {isa = PBXBuildFile; fileRef = AE53400F166EC76C00B5BEA1 /* MyStoriesViewController.m */; };
		AE534011166EC76D00B5BEA1 /* MyStoriesViewController.m in Sources */ = {isa = PBXBuildFile; fileRef = AE53400F166EC76C00B5BEA1 /* MyStoriesViewController.m */; };
		AE534018166ED31400B5BEA1 /* MyStoriesViewControllerSpec.mm in Sources */ = {isa = PBXBuildFile; fileRef = AE534017166ED31400B5BEA1 /* MyStoriesViewControllerSpec.mm */; settings = {COMPILER_FLAGS = "-fno-objc-arc"; }; };
		AE57207C167AB4DF00FD926C /* libPivotalSpecHelperKit-StaticLib.a in Frameworks */ = {isa = PBXBuildFile; fileRef = AE572077167AB4AB00FD926C /* libPivotalSpecHelperKit-StaticLib.a */; };
		AE70ACFF16B897EA0079555D /* StoryViewController+Spec.m in Sources */ = {isa = PBXBuildFile; fileRef = AE70ACFE16B897EA0079555D /* StoryViewController+Spec.m */; };
		AEA06871169CEF3000E70424 /* StoryViewController.m in Sources */ = {isa = PBXBuildFile; fileRef = AEA06870169CEF3000E70424 /* StoryViewController.m */; };
		AEA06872169CEF3000E70424 /* StoryViewController.m in Sources */ = {isa = PBXBuildFile; fileRef = AEA06870169CEF3000E70424 /* StoryViewController.m */; };
		AEA95A9E167AB5ED00A7C829 /* CoreLocation.framework in Frameworks */ = {isa = PBXBuildFile; fileRef = AEA95A9D167AB5ED00A7C829 /* CoreLocation.framework */; };
		AEE3E91516E6C83500DC5857 /* TextViewCellSpec.mm in Sources */ = {isa = PBXBuildFile; fileRef = AEE3E91416E6C83500DC5857 /* TextViewCellSpec.mm */; settings = {COMPILER_FLAGS = "-fno-objc-arc"; }; };
		AEFACEC416DD881700053B9B /* StorySpec.mm in Sources */ = {isa = PBXBuildFile; fileRef = AEFACEC316DD881700053B9B /* StorySpec.mm */; settings = {COMPILER_FLAGS = "-fno-objc-arc"; }; };
		AEFACEC716DD8C8C00053B9B /* Karrabing.m in Sources */ = {isa = PBXBuildFile; fileRef = AEFACEC616DD8C8C00053B9B /* Karrabing.m */; };
		AEFACEC816DD8C8C00053B9B /* Karrabing.m in Sources */ = {isa = PBXBuildFile; fileRef = AEFACEC616DD8C8C00053B9B /* Karrabing.m */; };
		AEFACEC916DD8C8C00053B9B /* Karrabing.m in Sources */ = {isa = PBXBuildFile; fileRef = AEFACEC616DD8C8C00053B9B /* Karrabing.m */; };
		AEFACECB16DD8CE100053B9B /* KarrabingSpec.mm in Sources */ = {isa = PBXBuildFile; fileRef = AEFACECA16DD8CE100053B9B /* KarrabingSpec.mm */; settings = {COMPILER_FLAGS = "-fno-objc-arc"; }; };
		AEFACECF16DD8F3900053B9B /* Karrabing+Spec.m in Sources */ = {isa = PBXBuildFile; fileRef = AEFACECE16DD8F3900053B9B /* Karrabing+Spec.m */; };
		AEFACED016DD8F3900053B9B /* Karrabing+Spec.m in Sources */ = {isa = PBXBuildFile; fileRef = AEFACECE16DD8F3900053B9B /* Karrabing+Spec.m */; };
		AEFCCE24166EBF7D00D5AA5A /* UIKit.framework in Frameworks */ = {isa = PBXBuildFile; fileRef = AEFCCE23166EBF7D00D5AA5A /* UIKit.framework */; };
		AEFCCE26166EBF7D00D5AA5A /* Foundation.framework in Frameworks */ = {isa = PBXBuildFile; fileRef = AEFCCE25166EBF7D00D5AA5A /* Foundation.framework */; };
		AEFCCE28166EBF7D00D5AA5A /* CoreGraphics.framework in Frameworks */ = {isa = PBXBuildFile; fileRef = AEFCCE27166EBF7D00D5AA5A /* CoreGraphics.framework */; };
		AEFCCE2E166EBF7D00D5AA5A /* InfoPlist.strings in Resources */ = {isa = PBXBuildFile; fileRef = AEFCCE2C166EBF7D00D5AA5A /* InfoPlist.strings */; };
		AEFCCE30166EBF7D00D5AA5A /* main.m in Sources */ = {isa = PBXBuildFile; fileRef = AEFCCE2F166EBF7D00D5AA5A /* main.m */; };
		AEFCCE34166EBF7D00D5AA5A /* AppDelegate.m in Sources */ = {isa = PBXBuildFile; fileRef = AEFCCE33166EBF7D00D5AA5A /* AppDelegate.m */; };
		AEFCCE36166EBF7D00D5AA5A /* Default.png in Resources */ = {isa = PBXBuildFile; fileRef = AEFCCE35166EBF7D00D5AA5A /* Default.png */; };
		AEFCCE38166EBF7D00D5AA5A /* Default@2x.png in Resources */ = {isa = PBXBuildFile; fileRef = AEFCCE37166EBF7D00D5AA5A /* Default@2x.png */; };
		AEFCCE3A166EBF7D00D5AA5A /* Default-568h@2x.png in Resources */ = {isa = PBXBuildFile; fileRef = AEFCCE39166EBF7D00D5AA5A /* Default-568h@2x.png */; };
/* End PBXBuildFile section */

/* Begin PBXContainerItemProxy section */
		AE57206E167AB4AB00FD926C /* PBXContainerItemProxy */ = {
			isa = PBXContainerItemProxy;
			containerPortal = AE57205E167AB4AB00FD926C /* PivotalCoreKit.xcodeproj */;
			proxyType = 2;
			remoteGlobalIDString = AEF15AC511C97E8B005B4F92;
			remoteInfo = PivotalCoreKit;
		};
		AE572070167AB4AB00FD926C /* PBXContainerItemProxy */ = {
			isa = PBXContainerItemProxy;
			containerPortal = AE57205E167AB4AB00FD926C /* PivotalCoreKit.xcodeproj */;
			proxyType = 2;
			remoteGlobalIDString = AEF15AE011C97F15005B4F92;
			remoteInfo = PivotalSpecHelperKit;
		};
		AE572072167AB4AB00FD926C /* PBXContainerItemProxy */ = {
			isa = PBXContainerItemProxy;
			containerPortal = AE57205E167AB4AB00FD926C /* PivotalCoreKit.xcodeproj */;
			proxyType = 2;
			remoteGlobalIDString = AECC4BBA11C6E2280027AB1B;
			remoteInfo = Spec;
		};
		AE572074167AB4AB00FD926C /* PBXContainerItemProxy */ = {
			isa = PBXContainerItemProxy;
			containerPortal = AE57205E167AB4AB00FD926C /* PivotalCoreKit.xcodeproj */;
			proxyType = 2;
			remoteGlobalIDString = AE138E7011E542BF004E825D;
			remoteInfo = "PivotalCoreKit-StaticLib";
		};
		AE572076167AB4AB00FD926C /* PBXContainerItemProxy */ = {
			isa = PBXContainerItemProxy;
			containerPortal = AE57205E167AB4AB00FD926C /* PivotalCoreKit.xcodeproj */;
			proxyType = 2;
			remoteGlobalIDString = AE138F4611E548B5004E825D;
			remoteInfo = "PivotalSpecHelperKit-StaticLib";
		};
		AE572078167AB4AB00FD926C /* PBXContainerItemProxy */ = {
			isa = PBXContainerItemProxy;
			containerPortal = AE57205E167AB4AB00FD926C /* PivotalCoreKit.xcodeproj */;
			proxyType = 2;
			remoteGlobalIDString = AEE06699152B6AFA009289FE;
			remoteInfo = "PivotalUICoreKit-StaticLib";
		};
		AE57207A167AB4AB00FD926C /* PBXContainerItemProxy */ = {
			isa = PBXContainerItemProxy;
			containerPortal = AE57205E167AB4AB00FD926C /* PivotalCoreKit.xcodeproj */;
			proxyType = 2;
			remoteGlobalIDString = 6696DFC21266DE6C00111E23;
			remoteInfo = UISpec;
		};
		AEA95A9B167AB52600A7C829 /* PBXContainerItemProxy */ = {
			isa = PBXContainerItemProxy;
			containerPortal = AE57205E167AB4AB00FD926C /* PivotalCoreKit.xcodeproj */;
			proxyType = 1;
			remoteGlobalIDString = AE138F4511E548B5004E825D;
			remoteInfo = "PivotalSpecHelperKit-StaticLib";
		};
/* End PBXContainerItemProxy section */

/* Begin PBXFileReference section */
		AE3C953B16A626C1004FE262 /* StoryViewControllerSpec.mm */ = {isa = PBXFileReference; fileEncoding = 4; lastKnownFileType = sourcecode.cpp.objcpp; path = StoryViewControllerSpec.mm; sourceTree = "<group>"; };
		AE3C953D16A62B4D004FE262 /* TextFieldCell.h */ = {isa = PBXFileReference; fileEncoding = 4; lastKnownFileType = sourcecode.c.h; path = TextFieldCell.h; sourceTree = "<group>"; };
		AE3C953E16A62B4D004FE262 /* TextFieldCell.m */ = {isa = PBXFileReference; fileEncoding = 4; lastKnownFileType = sourcecode.c.objc; path = TextFieldCell.m; sourceTree = "<group>"; };
		AE3C954116A62E63004FE262 /* TextFieldCellSpec.mm */ = {isa = PBXFileReference; fileEncoding = 4; lastKnownFileType = sourcecode.cpp.objcpp; path = TextFieldCellSpec.mm; sourceTree = "<group>"; };
		AE3C954316A634A0004FE262 /* TextViewCell.h */ = {isa = PBXFileReference; fileEncoding = 4; lastKnownFileType = sourcecode.c.h; path = TextViewCell.h; sourceTree = "<group>"; };
		AE3C954416A634A0004FE262 /* TextViewCell.m */ = {isa = PBXFileReference; fileEncoding = 4; lastKnownFileType = sourcecode.c.objc; path = TextViewCell.m; sourceTree = "<group>"; };
		AE3C957016A636FA004FE262 /* Story.h */ = {isa = PBXFileReference; fileEncoding = 4; lastKnownFileType = sourcecode.c.h; path = Story.h; sourceTree = "<group>"; };
		AE3C957116A636FA004FE262 /* Story.m */ = {isa = PBXFileReference; fileEncoding = 4; lastKnownFileType = sourcecode.c.objc; path = Story.m; sourceTree = "<group>"; };
		AE533FE2166EC06000B5BEA1 /* UISpecs.app */ = {isa = PBXFileReference; explicitFileType = wrapper.application; includeInIndex = 0; path = UISpecs.app; sourceTree = BUILT_PRODUCTS_DIR; };
		AE533FE9166EC06000B5BEA1 /* UISpecs-Info.plist */ = {isa = PBXFileReference; lastKnownFileType = text.plist.xml; path = "UISpecs-Info.plist"; sourceTree = "<group>"; };
		AE533FEB166EC06000B5BEA1 /* en */ = {isa = PBXFileReference; lastKnownFileType = text.plist.strings; name = en; path = en.lproj/InfoPlist.strings; sourceTree = "<group>"; };
		AE533FED166EC06000B5BEA1 /* main.m */ = {isa = PBXFileReference; lastKnownFileType = sourcecode.c.objc; path = main.m; sourceTree = "<group>"; };
		AE533FEF166EC06000B5BEA1 /* UISpecs-Prefix.pch */ = {isa = PBXFileReference; lastKnownFileType = sourcecode.c.h; path = "UISpecs-Prefix.pch"; sourceTree = "<group>"; };
		AE533FF0166EC06000B5BEA1 /* Cedar-iOS.framework */ = {isa = PBXFileReference; lastKnownFileType = wrapper.framework; name = "Cedar-iOS.framework"; path = "Frameworks/Cedar-iOS.framework"; sourceTree = "<group>"; };
		AE533FFC166EC0A900B5BEA1 /* Specs */ = {isa = PBXFileReference; explicitFileType = "compiled.mach-o.executable"; includeInIndex = 0; path = Specs; sourceTree = BUILT_PRODUCTS_DIR; };
		AE534001166EC0A900B5BEA1 /* Specs-Prefix.pch */ = {isa = PBXFileReference; lastKnownFileType = sourcecode.c.h; path = "Specs-Prefix.pch"; sourceTree = "<group>"; };
		AE534002166EC0A900B5BEA1 /* Cedar.framework */ = {isa = PBXFileReference; lastKnownFileType = wrapper.framework; name = Cedar.framework; path = Frameworks/Cedar.framework; sourceTree = "<group>"; };
		AE534004166EC0A900B5BEA1 /* main.m */ = {isa = PBXFileReference; lastKnownFileType = sourcecode.c.objc; path = main.m; sourceTree = "<group>"; };
		AE53400B166EC3D100B5BEA1 /* AppDelegateSpec.mm */ = {isa = PBXFileReference; fileEncoding = 4; lastKnownFileType = sourcecode.cpp.objcpp; path = AppDelegateSpec.mm; sourceTree = "<group>"; };
		AE53400E166EC76C00B5BEA1 /* MyStoriesViewController.h */ = {isa = PBXFileReference; fileEncoding = 4; lastKnownFileType = sourcecode.c.h; path = MyStoriesViewController.h; sourceTree = "<group>"; };
		AE53400F166EC76C00B5BEA1 /* MyStoriesViewController.m */ = {isa = PBXFileReference; fileEncoding = 4; lastKnownFileType = sourcecode.c.objc; path = MyStoriesViewController.m; sourceTree = "<group>"; };
		AE534017166ED31400B5BEA1 /* MyStoriesViewControllerSpec.mm */ = {isa = PBXFileReference; fileEncoding = 4; lastKnownFileType = sourcecode.cpp.objcpp; path = MyStoriesViewControllerSpec.mm; sourceTree = "<group>"; };
		AE57205E167AB4AB00FD926C /* PivotalCoreKit.xcodeproj */ = {isa = PBXFileReference; lastKnownFileType = "wrapper.pb-project"; name = PivotalCoreKit.xcodeproj; path = PivotalCoreKit/PivotalCoreKit.xcodeproj; sourceTree = "<group>"; };
		AE70ACFD16B897EA0079555D /* StoryViewController+Spec.h */ = {isa = PBXFileReference; fileEncoding = 4; lastKnownFileType = sourcecode.c.h; path = "StoryViewController+Spec.h"; sourceTree = "<group>"; };
		AE70ACFE16B897EA0079555D /* StoryViewController+Spec.m */ = {isa = PBXFileReference; fileEncoding = 4; lastKnownFileType = sourcecode.c.objc; path = "StoryViewController+Spec.m"; sourceTree = "<group>"; };
		AEA0686F169CEF3000E70424 /* StoryViewController.h */ = {isa = PBXFileReference; fileEncoding = 4; lastKnownFileType = sourcecode.c.h; path = StoryViewController.h; sourceTree = "<group>"; };
		AEA06870169CEF3000E70424 /* StoryViewController.m */ = {isa = PBXFileReference; fileEncoding = 4; lastKnownFileType = sourcecode.c.objc; path = StoryViewController.m; sourceTree = "<group>"; };
		AEA95A9D167AB5ED00A7C829 /* CoreLocation.framework */ = {isa = PBXFileReference; lastKnownFileType = wrapper.framework; name = CoreLocation.framework; path = System/Library/Frameworks/CoreLocation.framework; sourceTree = SDKROOT; };
		AEE3E91416E6C83500DC5857 /* TextViewCellSpec.mm */ = {isa = PBXFileReference; fileEncoding = 4; lastKnownFileType = sourcecode.cpp.objcpp; path = TextViewCellSpec.mm; sourceTree = "<group>"; };
		AEFACEC316DD881700053B9B /* StorySpec.mm */ = {isa = PBXFileReference; fileEncoding = 4; lastKnownFileType = sourcecode.cpp.objcpp; path = StorySpec.mm; sourceTree = "<group>"; };
		AEFACEC516DD8C8C00053B9B /* Karrabing.h */ = {isa = PBXFileReference; fileEncoding = 4; lastKnownFileType = sourcecode.c.h; path = Karrabing.h; sourceTree = "<group>"; };
		AEFACEC616DD8C8C00053B9B /* Karrabing.m */ = {isa = PBXFileReference; fileEncoding = 4; lastKnownFileType = sourcecode.c.objc; path = Karrabing.m; sourceTree = "<group>"; };
		AEFACECA16DD8CE100053B9B /* KarrabingSpec.mm */ = {isa = PBXFileReference; fileEncoding = 4; lastKnownFileType = sourcecode.cpp.objcpp; path = KarrabingSpec.mm; sourceTree = "<group>"; };
		AEFACECD16DD8F3900053B9B /* Karrabing+Spec.h */ = {isa = PBXFileReference; fileEncoding = 4; lastKnownFileType = sourcecode.c.h; path = "Karrabing+Spec.h"; sourceTree = "<group>"; };
		AEFACECE16DD8F3900053B9B /* Karrabing+Spec.m */ = {isa = PBXFileReference; fileEncoding = 4; lastKnownFileType = sourcecode.c.objc; path = "Karrabing+Spec.m"; sourceTree = "<group>"; };
		AEFCCE1F166EBF7D00D5AA5A /* Karrabing.app */ = {isa = PBXFileReference; explicitFileType = wrapper.application; includeInIndex = 0; path = Karrabing.app; sourceTree = BUILT_PRODUCTS_DIR; };
		AEFCCE23166EBF7D00D5AA5A /* UIKit.framework */ = {isa = PBXFileReference; lastKnownFileType = wrapper.framework; name = UIKit.framework; path = System/Library/Frameworks/UIKit.framework; sourceTree = SDKROOT; };
		AEFCCE25166EBF7D00D5AA5A /* Foundation.framework */ = {isa = PBXFileReference; lastKnownFileType = wrapper.framework; name = Foundation.framework; path = System/Library/Frameworks/Foundation.framework; sourceTree = SDKROOT; };
		AEFCCE27166EBF7D00D5AA5A /* CoreGraphics.framework */ = {isa = PBXFileReference; lastKnownFileType = wrapper.framework; name = CoreGraphics.framework; path = System/Library/Frameworks/CoreGraphics.framework; sourceTree = SDKROOT; };
		AEFCCE2B166EBF7D00D5AA5A /* Karrabing-Info.plist */ = {isa = PBXFileReference; lastKnownFileType = text.plist.xml; path = "Karrabing-Info.plist"; sourceTree = "<group>"; };
		AEFCCE2D166EBF7D00D5AA5A /* en */ = {isa = PBXFileReference; lastKnownFileType = text.plist.strings; name = en; path = en.lproj/InfoPlist.strings; sourceTree = "<group>"; };
		AEFCCE2F166EBF7D00D5AA5A /* main.m */ = {isa = PBXFileReference; lastKnownFileType = sourcecode.c.objc; path = main.m; sourceTree = "<group>"; };
		AEFCCE31166EBF7D00D5AA5A /* Karrabing-Prefix.pch */ = {isa = PBXFileReference; lastKnownFileType = sourcecode.c.h; path = "Karrabing-Prefix.pch"; sourceTree = "<group>"; };
		AEFCCE32166EBF7D00D5AA5A /* AppDelegate.h */ = {isa = PBXFileReference; lastKnownFileType = sourcecode.c.h; path = AppDelegate.h; sourceTree = "<group>"; };
		AEFCCE33166EBF7D00D5AA5A /* AppDelegate.m */ = {isa = PBXFileReference; lastKnownFileType = sourcecode.c.objc; path = AppDelegate.m; sourceTree = "<group>"; };
		AEFCCE35166EBF7D00D5AA5A /* Default.png */ = {isa = PBXFileReference; lastKnownFileType = image.png; path = Default.png; sourceTree = "<group>"; };
		AEFCCE37166EBF7D00D5AA5A /* Default@2x.png */ = {isa = PBXFileReference; lastKnownFileType = image.png; path = "Default@2x.png"; sourceTree = "<group>"; };
		AEFCCE39166EBF7D00D5AA5A /* Default-568h@2x.png */ = {isa = PBXFileReference; lastKnownFileType = image.png; path = "Default-568h@2x.png"; sourceTree = "<group>"; };
/* End PBXFileReference section */

/* Begin PBXFrameworksBuildPhase section */
		AE533FDF166EC06000B5BEA1 /* Frameworks */ = {
			isa = PBXFrameworksBuildPhase;
			buildActionMask = 2147483647;
			files = (
				AEA95A9E167AB5ED00A7C829 /* CoreLocation.framework in Frameworks */,
				AE57207C167AB4DF00FD926C /* libPivotalSpecHelperKit-StaticLib.a in Frameworks */,
				AE533FE4166EC06000B5BEA1 /* UIKit.framework in Frameworks */,
				AE533FE5166EC06000B5BEA1 /* Foundation.framework in Frameworks */,
				AE533FE6166EC06000B5BEA1 /* CoreGraphics.framework in Frameworks */,
				AE533FF1166EC06000B5BEA1 /* Cedar-iOS.framework in Frameworks */,
			);
			runOnlyForDeploymentPostprocessing = 0;
		};
		AE533FFA166EC0A900B5BEA1 /* Frameworks */ = {
			isa = PBXFrameworksBuildPhase;
			buildActionMask = 2147483647;
			files = (
				AE533FFE166EC0A900B5BEA1 /* Foundation.framework in Frameworks */,
				AE534003166EC0A900B5BEA1 /* Cedar.framework in Frameworks */,
			);
			runOnlyForDeploymentPostprocessing = 0;
		};
		AEFCCE1C166EBF7D00D5AA5A /* Frameworks */ = {
			isa = PBXFrameworksBuildPhase;
			buildActionMask = 2147483647;
			files = (
				AEFCCE24166EBF7D00D5AA5A /* UIKit.framework in Frameworks */,
				AEFCCE26166EBF7D00D5AA5A /* Foundation.framework in Frameworks */,
				AEFCCE28166EBF7D00D5AA5A /* CoreGraphics.framework in Frameworks */,
			);
			runOnlyForDeploymentPostprocessing = 0;
		};
/* End PBXFrameworksBuildPhase section */

/* Begin PBXGroup section */
		AE3C956F16A636C7004FE262 /* Models */ = {
			isa = PBXGroup;
			children = (
				AE3C957016A636FA004FE262 /* Story.h */,
				AE3C957116A636FA004FE262 /* Story.m */,
			);
			path = Models;
			sourceTree = "<group>";
		};
		AE533FE7166EC06000B5BEA1 /* UISpecs */ = {
			isa = PBXGroup;
			children = (
				AE70ACFC16B897A00079555D /* Extensions */,
				AE53400B166EC3D100B5BEA1 /* AppDelegateSpec.mm */,
				AE534017166ED31400B5BEA1 /* MyStoriesViewControllerSpec.mm */,
				AE3C953B16A626C1004FE262 /* StoryViewControllerSpec.mm */,
				AE3C954116A62E63004FE262 /* TextFieldCellSpec.mm */,
				AEE3E91416E6C83500DC5857 /* TextViewCellSpec.mm */,
				AE533FF0166EC06000B5BEA1 /* Cedar-iOS.framework */,
				AE533FE8166EC06000B5BEA1 /* Supporting Files */,
			);
			path = UISpecs;
			sourceTree = "<group>";
		};
		AE533FE8166EC06000B5BEA1 /* Supporting Files */ = {
			isa = PBXGroup;
			children = (
				AE533FE9166EC06000B5BEA1 /* UISpecs-Info.plist */,
				AE533FEA166EC06000B5BEA1 /* InfoPlist.strings */,
				AE533FED166EC06000B5BEA1 /* main.m */,
				AE533FEF166EC06000B5BEA1 /* UISpecs-Prefix.pch */,
			);
			name = "Supporting Files";
			sourceTree = "<group>";
		};
		AE533FFF166EC0A900B5BEA1 /* Specs */ = {
			isa = PBXGroup;
			children = (
				AEFACECC16DD8EDD00053B9B /* Extensions */,
				AEFACEBC16DD87E200053B9B /* Models */,
				AE534002166EC0A900B5BEA1 /* Cedar.framework */,
				AE534004166EC0A900B5BEA1 /* main.m */,
				AE534000166EC0A900B5BEA1 /* Supporting Files */,
				AEFACECA16DD8CE100053B9B /* KarrabingSpec.mm */,
			);
			path = Specs;
			sourceTree = "<group>";
		};
		AE534000166EC0A900B5BEA1 /* Supporting Files */ = {
			isa = PBXGroup;
			children = (
				AE534001166EC0A900B5BEA1 /* Specs-Prefix.pch */,
			);
			name = "Supporting Files";
			sourceTree = "<group>";
		};
		AE57205C167AB47700FD926C /* Externals */ = {
			isa = PBXGroup;
			children = (
				AE57205E167AB4AB00FD926C /* PivotalCoreKit.xcodeproj */,
			);
			path = Externals;
			sourceTree = "<group>";
		};
		AE57205F167AB4AB00FD926C /* Products */ = {
			isa = PBXGroup;
			children = (
				AE57206F167AB4AB00FD926C /* PivotalCoreKit.framework */,
				AE572071167AB4AB00FD926C /* PivotalSpecHelperKit.framework */,
				AE572073167AB4AB00FD926C /* Spec */,
				AE572075167AB4AB00FD926C /* libPivotalCoreKit-StaticLib.a */,
				AE572077167AB4AB00FD926C /* libPivotalSpecHelperKit-StaticLib.a */,
				AE572079167AB4AB00FD926C /* libPivotalUICoreKit-StaticLib.a */,
				AE57207B167AB4AB00FD926C /* UISpec.app */,
			);
			name = Products;
			sourceTree = "<group>";
		};
		AE70ACFC16B897A00079555D /* Extensions */ = {
			isa = PBXGroup;
			children = (
				AE70ACFD16B897EA0079555D /* StoryViewController+Spec.h */,
				AE70ACFE16B897EA0079555D /* StoryViewController+Spec.m */,
			);
			path = Extensions;
			sourceTree = "<group>";
		};
		AEFACEBC16DD87E200053B9B /* Models */ = {
			isa = PBXGroup;
			children = (
				AEFACEC316DD881700053B9B /* StorySpec.mm */,
			);
			path = Models;
			sourceTree = "<group>";
		};
		AEFACECC16DD8EDD00053B9B /* Extensions */ = {
			isa = PBXGroup;
			children = (
				AEFACECD16DD8F3900053B9B /* Karrabing+Spec.h */,
				AEFACECE16DD8F3900053B9B /* Karrabing+Spec.m */,
			);
			path = Extensions;
			sourceTree = "<group>";
		};
		AEFCCE14166EBF7D00D5AA5A = {
			isa = PBXGroup;
			children = (
				AE57205C167AB47700FD926C /* Externals */,
				AEFCCE29166EBF7D00D5AA5A /* Karrabing */,
				AE533FE7166EC06000B5BEA1 /* UISpecs */,
				AE533FFF166EC0A900B5BEA1 /* Specs */,
				AEFCCE22166EBF7D00D5AA5A /* Frameworks */,
				AEFCCE20166EBF7D00D5AA5A /* Products */,
			);
			sourceTree = "<group>";
		};
		AEFCCE20166EBF7D00D5AA5A /* Products */ = {
			isa = PBXGroup;
			children = (
				AEFCCE1F166EBF7D00D5AA5A /* Karrabing.app */,
				AE533FE2166EC06000B5BEA1 /* UISpecs.app */,
				AE533FFC166EC0A900B5BEA1 /* Specs */,
			);
			name = Products;
			sourceTree = "<group>";
		};
		AEFCCE22166EBF7D00D5AA5A /* Frameworks */ = {
			isa = PBXGroup;
			children = (
				AEA95A9D167AB5ED00A7C829 /* CoreLocation.framework */,
				AEFCCE23166EBF7D00D5AA5A /* UIKit.framework */,
				AEFCCE25166EBF7D00D5AA5A /* Foundation.framework */,
				AEFCCE27166EBF7D00D5AA5A /* CoreGraphics.framework */,
			);
			name = Frameworks;
			sourceTree = "<group>";
		};
		AEFCCE29166EBF7D00D5AA5A /* Karrabing */ = {
			isa = PBXGroup;
			children = (
				AE3C956F16A636C7004FE262 /* Models */,
				AEFCCE32166EBF7D00D5AA5A /* AppDelegate.h */,
				AEFCCE33166EBF7D00D5AA5A /* AppDelegate.m */,
				AE53400E166EC76C00B5BEA1 /* MyStoriesViewController.h */,
				AE53400F166EC76C00B5BEA1 /* MyStoriesViewController.m */,
				AEA0686F169CEF3000E70424 /* StoryViewController.h */,
				AEA06870169CEF3000E70424 /* StoryViewController.m */,
				AE3C953D16A62B4D004FE262 /* TextFieldCell.h */,
				AE3C953E16A62B4D004FE262 /* TextFieldCell.m */,
				AE3C954316A634A0004FE262 /* TextViewCell.h */,
				AE3C954416A634A0004FE262 /* TextViewCell.m */,
				AEFCCE2A166EBF7D00D5AA5A /* Supporting Files */,
				AEFACEC516DD8C8C00053B9B /* Karrabing.h */,
				AEFACEC616DD8C8C00053B9B /* Karrabing.m */,
			);
			path = Karrabing;
			sourceTree = "<group>";
		};
		AEFCCE2A166EBF7D00D5AA5A /* Supporting Files */ = {
			isa = PBXGroup;
			children = (
				AEFCCE2B166EBF7D00D5AA5A /* Karrabing-Info.plist */,
				AEFCCE2C166EBF7D00D5AA5A /* InfoPlist.strings */,
				AEFCCE2F166EBF7D00D5AA5A /* main.m */,
				AEFCCE31166EBF7D00D5AA5A /* Karrabing-Prefix.pch */,
				AEFCCE35166EBF7D00D5AA5A /* Default.png */,
				AEFCCE37166EBF7D00D5AA5A /* Default@2x.png */,
				AEFCCE39166EBF7D00D5AA5A /* Default-568h@2x.png */,
			);
			name = "Supporting Files";
			sourceTree = "<group>";
		};
/* End PBXGroup section */

/* Begin PBXNativeTarget section */
		AE533FE1166EC06000B5BEA1 /* UISpecs */ = {
			isa = PBXNativeTarget;
			buildConfigurationList = AE533FF6166EC06000B5BEA1 /* Build configuration list for PBXNativeTarget "UISpecs" */;
			buildPhases = (
				AE533FDE166EC06000B5BEA1 /* Sources */,
				AE533FDF166EC06000B5BEA1 /* Frameworks */,
				AE533FE0166EC06000B5BEA1 /* Resources */,
			);
			buildRules = (
			);
			dependencies = (
				AEA95A9C167AB52600A7C829 /* PBXTargetDependency */,
			);
			name = UISpecs;
			productName = UISpecs;
			productReference = AE533FE2166EC06000B5BEA1 /* UISpecs.app */;
			productType = "com.apple.product-type.application";
		};
		AE533FFB166EC0A900B5BEA1 /* Specs */ = {
			isa = PBXNativeTarget;
			buildConfigurationList = AE534008166EC0A900B5BEA1 /* Build configuration list for PBXNativeTarget "Specs" */;
			buildPhases = (
				AE533FF8166EC0A900B5BEA1 /* ShellScript */,
				AE533FF9166EC0A900B5BEA1 /* Sources */,
				AE533FFA166EC0A900B5BEA1 /* Frameworks */,
			);
			buildRules = (
			);
			dependencies = (
			);
			name = Specs;
			productName = Specs;
			productReference = AE533FFC166EC0A900B5BEA1 /* Specs */;
			productType = "com.apple.product-type.tool";
		};
		AEFCCE1E166EBF7D00D5AA5A /* Karrabing */ = {
			isa = PBXNativeTarget;
			buildConfigurationList = AEFCCE3D166EBF7D00D5AA5A /* Build configuration list for PBXNativeTarget "Karrabing" */;
			buildPhases = (
				AEFCCE1B166EBF7D00D5AA5A /* Sources */,
				AEFCCE1C166EBF7D00D5AA5A /* Frameworks */,
				AEFCCE1D166EBF7D00D5AA5A /* Resources */,
			);
			buildRules = (
			);
			dependencies = (
			);
			name = Karrabing;
			productName = Karrabing;
			productReference = AEFCCE1F166EBF7D00D5AA5A /* Karrabing.app */;
			productType = "com.apple.product-type.application";
		};
/* End PBXNativeTarget section */

/* Begin PBXProject section */
		AEFCCE16166EBF7D00D5AA5A /* Project object */ = {
			isa = PBXProject;
			attributes = {
				LastUpgradeCheck = 0450;
			};
			buildConfigurationList = AEFCCE19166EBF7D00D5AA5A /* Build configuration list for PBXProject "Karrabing" */;
			compatibilityVersion = "Xcode 3.2";
			developmentRegion = English;
			hasScannedForEncodings = 0;
			knownRegions = (
				en,
			);
			mainGroup = AEFCCE14166EBF7D00D5AA5A;
			productRefGroup = AEFCCE20166EBF7D00D5AA5A /* Products */;
			projectDirPath = "";
			projectReferences = (
				{
					ProductGroup = AE57205F167AB4AB00FD926C /* Products */;
					ProjectRef = AE57205E167AB4AB00FD926C /* PivotalCoreKit.xcodeproj */;
				},
			);
			projectRoot = "";
			targets = (
				AEFCCE1E166EBF7D00D5AA5A /* Karrabing */,
				AE533FE1166EC06000B5BEA1 /* UISpecs */,
				AE533FFB166EC0A900B5BEA1 /* Specs */,
			);
		};
/* End PBXProject section */

/* Begin PBXReferenceProxy section */
		AE57206F167AB4AB00FD926C /* PivotalCoreKit.framework */ = {
			isa = PBXReferenceProxy;
			fileType = wrapper.framework;
			path = PivotalCoreKit.framework;
			remoteRef = AE57206E167AB4AB00FD926C /* PBXContainerItemProxy */;
			sourceTree = BUILT_PRODUCTS_DIR;
		};
		AE572071167AB4AB00FD926C /* PivotalSpecHelperKit.framework */ = {
			isa = PBXReferenceProxy;
			fileType = wrapper.framework;
			path = PivotalSpecHelperKit.framework;
			remoteRef = AE572070167AB4AB00FD926C /* PBXContainerItemProxy */;
			sourceTree = BUILT_PRODUCTS_DIR;
		};
		AE572073167AB4AB00FD926C /* Spec */ = {
			isa = PBXReferenceProxy;
			fileType = "compiled.mach-o.executable";
			path = Spec;
			remoteRef = AE572072167AB4AB00FD926C /* PBXContainerItemProxy */;
			sourceTree = BUILT_PRODUCTS_DIR;
		};
		AE572075167AB4AB00FD926C /* libPivotalCoreKit-StaticLib.a */ = {
			isa = PBXReferenceProxy;
			fileType = archive.ar;
			path = "libPivotalCoreKit-StaticLib.a";
			remoteRef = AE572074167AB4AB00FD926C /* PBXContainerItemProxy */;
			sourceTree = BUILT_PRODUCTS_DIR;
		};
		AE572077167AB4AB00FD926C /* libPivotalSpecHelperKit-StaticLib.a */ = {
			isa = PBXReferenceProxy;
			fileType = archive.ar;
			path = "libPivotalSpecHelperKit-StaticLib.a";
			remoteRef = AE572076167AB4AB00FD926C /* PBXContainerItemProxy */;
			sourceTree = BUILT_PRODUCTS_DIR;
		};
		AE572079167AB4AB00FD926C /* libPivotalUICoreKit-StaticLib.a */ = {
			isa = PBXReferenceProxy;
			fileType = archive.ar;
			path = "libPivotalUICoreKit-StaticLib.a";
			remoteRef = AE572078167AB4AB00FD926C /* PBXContainerItemProxy */;
			sourceTree = BUILT_PRODUCTS_DIR;
		};
		AE57207B167AB4AB00FD926C /* UISpec.app */ = {
			isa = PBXReferenceProxy;
			fileType = wrapper.application;
			path = UISpec.app;
			remoteRef = AE57207A167AB4AB00FD926C /* PBXContainerItemProxy */;
			sourceTree = BUILT_PRODUCTS_DIR;
		};
/* End PBXReferenceProxy section */

/* Begin PBXResourcesBuildPhase section */
		AE533FE0166EC06000B5BEA1 /* Resources */ = {
			isa = PBXResourcesBuildPhase;
			buildActionMask = 2147483647;
			files = (
				AE533FEC166EC06000B5BEA1 /* InfoPlist.strings in Resources */,
			);
			runOnlyForDeploymentPostprocessing = 0;
		};
		AEFCCE1D166EBF7D00D5AA5A /* Resources */ = {
			isa = PBXResourcesBuildPhase;
			buildActionMask = 2147483647;
			files = (
				AEFCCE2E166EBF7D00D5AA5A /* InfoPlist.strings in Resources */,
				AEFCCE36166EBF7D00D5AA5A /* Default.png in Resources */,
				AEFCCE38166EBF7D00D5AA5A /* Default@2x.png in Resources */,
				AEFCCE3A166EBF7D00D5AA5A /* Default-568h@2x.png in Resources */,
			);
			runOnlyForDeploymentPostprocessing = 0;
		};
/* End PBXResourcesBuildPhase section */

/* Begin PBXShellScriptBuildPhase section */
		AE533FF8166EC0A900B5BEA1 /* ShellScript */ = {
			isa = PBXShellScriptBuildPhase;
			buildActionMask = 2147483647;
			files = (
			);
			inputPaths = (
			);
			outputPaths = (
			);
			runOnlyForDeploymentPostprocessing = 0;
			shellPath = /bin/sh;
			shellScript = "cp -R \"${TARGET_NAME}\"/Frameworks/Cedar.framework \"${BUILT_PRODUCTS_DIR}\"";
		};
/* End PBXShellScriptBuildPhase section */

/* Begin PBXSourcesBuildPhase section */
		AE533FDE166EC06000B5BEA1 /* Sources */ = {
			isa = PBXSourcesBuildPhase;
			buildActionMask = 2147483647;
			files = (
				AE533FEE166EC06000B5BEA1 /* main.m in Sources */,
				AE53400C166EC3D100B5BEA1 /* AppDelegateSpec.mm in Sources */,
				AE53400D166EC5ED00B5BEA1 /* AppDelegate.m in Sources */,
				AE534011166EC76D00B5BEA1 /* MyStoriesViewController.m in Sources */,
				AE534018166ED31400B5BEA1 /* MyStoriesViewControllerSpec.mm in Sources */,
				AEA06872169CEF3000E70424 /* StoryViewController.m in Sources */,
				AE3C953C16A626C1004FE262 /* StoryViewControllerSpec.mm in Sources */,
				AE3C954016A62B4D004FE262 /* TextFieldCell.m in Sources */,
				AE3C954216A62E63004FE262 /* TextFieldCellSpec.mm in Sources */,
				AE3C954616A634A0004FE262 /* TextViewCell.m in Sources */,
				AE3C957316A636FA004FE262 /* Story.m in Sources */,
				AE70ACFF16B897EA0079555D /* StoryViewController+Spec.m in Sources */,
				AEFACEC816DD8C8C00053B9B /* Karrabing.m in Sources */,
				AEFACECF16DD8F3900053B9B /* Karrabing+Spec.m in Sources */,
				AEE3E91516E6C83500DC5857 /* TextViewCellSpec.mm in Sources */,
			);
			runOnlyForDeploymentPostprocessing = 0;
		};
		AE533FF9166EC0A900B5BEA1 /* Sources */ = {
			isa = PBXSourcesBuildPhase;
			buildActionMask = 2147483647;
			files = (
				AE534005166EC0A900B5BEA1 /* main.m in Sources */,
				AE3C957416A636FA004FE262 /* Story.m in Sources */,
				AEFACEC416DD881700053B9B /* StorySpec.mm in Sources */,
				AEFACEC916DD8C8C00053B9B /* Karrabing.m in Sources */,
				AEFACECB16DD8CE100053B9B /* KarrabingSpec.mm in Sources */,
				AEFACED016DD8F3900053B9B /* Karrabing+Spec.m in Sources */,
			);
			runOnlyForDeploymentPostprocessing = 0;
		};
		AEFCCE1B166EBF7D00D5AA5A /* Sources */ = {
			isa = PBXSourcesBuildPhase;
			buildActionMask = 2147483647;
			files = (
				AEFCCE30166EBF7D00D5AA5A /* main.m in Sources */,
				AEFCCE34166EBF7D00D5AA5A /* AppDelegate.m in Sources */,
				AE534010166EC76D00B5BEA1 /* MyStoriesViewController.m in Sources */,
				AEA06871169CEF3000E70424 /* StoryViewController.m in Sources */,
				AE3C953F16A62B4D004FE262 /* TextFieldCell.m in Sources */,
				AE3C954516A634A0004FE262 /* TextViewCell.m in Sources */,
				AE3C957216A636FA004FE262 /* Story.m in Sources */,
				AEFACEC716DD8C8C00053B9B /* Karrabing.m in Sources */,
			);
			runOnlyForDeploymentPostprocessing = 0;
		};
/* End PBXSourcesBuildPhase section */

/* Begin PBXTargetDependency section */
		AEA95A9C167AB52600A7C829 /* PBXTargetDependency */ = {
			isa = PBXTargetDependency;
			name = "PivotalSpecHelperKit-StaticLib";
			targetProxy = AEA95A9B167AB52600A7C829 /* PBXContainerItemProxy */;
		};
/* End PBXTargetDependency section */

/* Begin PBXVariantGroup section */
		AE533FEA166EC06000B5BEA1 /* InfoPlist.strings */ = {
			isa = PBXVariantGroup;
			children = (
				AE533FEB166EC06000B5BEA1 /* en */,
			);
			name = InfoPlist.strings;
			sourceTree = "<group>";
		};
		AEFCCE2C166EBF7D00D5AA5A /* InfoPlist.strings */ = {
			isa = PBXVariantGroup;
			children = (
				AEFCCE2D166EBF7D00D5AA5A /* en */,
			);
			name = InfoPlist.strings;
			sourceTree = "<group>";
		};
/* End PBXVariantGroup section */

/* Begin XCBuildConfiguration section */
		AE533FF4166EC06000B5BEA1 /* Debug */ = {
			isa = XCBuildConfiguration;
			buildSettings = {
				"CODE_SIGN_IDENTITY[sdk=iphoneos*]" = "iPhone Developer";
				FRAMEWORK_SEARCH_PATHS = (
					"$(inherited)",
					"\"$(SRCROOT)/UISpecs/Frameworks\"",
				);
				GCC_PRECOMPILE_PREFIX_HEADER = YES;
				GCC_PREFIX_HEADER = "UISpecs/UISpecs-Prefix.pch";
				HEADER_SEARCH_PATHS = $SRCROOT/Externals/PivotalCoreKit/SpecHelperLib/;
				INFOPLIST_FILE = "UISpecs/UISpecs-Info.plist";
				OTHER_LDFLAGS = (
					"-ObjC",
					"-all_load",
					"-lstdc++",
				);
				PRODUCT_NAME = "$(TARGET_NAME)";
				WRAPPER_EXTENSION = app;
			};
			name = Debug;
		};
		AE533FF5166EC06000B5BEA1 /* Release */ = {
			isa = XCBuildConfiguration;
			buildSettings = {
				"CODE_SIGN_IDENTITY[sdk=iphoneos*]" = "iPhone Developer";
				FRAMEWORK_SEARCH_PATHS = (
					"$(inherited)",
					"\"$(SRCROOT)/UISpecs/Frameworks\"",
				);
				GCC_PRECOMPILE_PREFIX_HEADER = YES;
				GCC_PREFIX_HEADER = "UISpecs/UISpecs-Prefix.pch";
				HEADER_SEARCH_PATHS = $SRCROOT/Externals/PivotalCoreKit/SpecHelperLib/;
				INFOPLIST_FILE = "UISpecs/UISpecs-Info.plist";
				OTHER_CFLAGS = "-DNS_BLOCK_ASSERTIONS=1";
				OTHER_LDFLAGS = (
					"-ObjC",
					"-all_load",
					"-lstdc++",
				);
				PRODUCT_NAME = "$(TARGET_NAME)";
				WRAPPER_EXTENSION = app;
			};
			name = Release;
		};
		AE534009166EC0A900B5BEA1 /* Debug */ = {
			isa = XCBuildConfiguration;
			buildSettings = {
				ARCHS = "$(ARCHS_STANDARD_64_BIT)";
				FRAMEWORK_SEARCH_PATHS = (
					"$(inherited)",
					"\"$(SRCROOT)/Specs/Frameworks\"",
				);
				GCC_ENABLE_OBJC_EXCEPTIONS = YES;
				GCC_PRECOMPILE_PREFIX_HEADER = YES;
				GCC_PREFIX_HEADER = "Specs/Specs-Prefix.pch";
				GCC_WARN_64_TO_32_BIT_CONVERSION = YES;
				MACOSX_DEPLOYMENT_TARGET = 10.7;
				PRODUCT_NAME = "$(TARGET_NAME)";
				SDKROOT = macosx;
			};
			name = Debug;
		};
		AE53400A166EC0A900B5BEA1 /* Release */ = {
			isa = XCBuildConfiguration;
			buildSettings = {
				ARCHS = "$(ARCHS_STANDARD_64_BIT)";
				DEBUG_INFORMATION_FORMAT = "dwarf-with-dsym";
				FRAMEWORK_SEARCH_PATHS = (
					"$(inherited)",
					"\"$(SRCROOT)/Specs/Frameworks\"",
				);
				GCC_ENABLE_OBJC_EXCEPTIONS = YES;
				GCC_PRECOMPILE_PREFIX_HEADER = YES;
				GCC_PREFIX_HEADER = "Specs/Specs-Prefix.pch";
				GCC_WARN_64_TO_32_BIT_CONVERSION = YES;
				MACOSX_DEPLOYMENT_TARGET = 10.7;
				PRODUCT_NAME = "$(TARGET_NAME)";
				SDKROOT = macosx;
			};
			name = Release;
		};
		AEFCCE3B166EBF7D00D5AA5A /* Debug */ = {
			isa = XCBuildConfiguration;
			buildSettings = {
				ALWAYS_SEARCH_USER_PATHS = NO;
				CLANG_CXX_LANGUAGE_STANDARD = "gnu++0x";
				CLANG_CXX_LIBRARY = "libc++";
				CLANG_ENABLE_OBJC_ARC = YES;
				CLANG_WARN_EMPTY_BODY = YES;
				CLANG_WARN__DUPLICATE_METHOD_MATCH = YES;
				"CODE_SIGN_IDENTITY[sdk=iphoneos*]" = "iPhone Developer";
				COPY_PHASE_STRIP = NO;
				GCC_C_LANGUAGE_STANDARD = gnu99;
				GCC_DYNAMIC_NO_PIC = NO;
				GCC_OPTIMIZATION_LEVEL = 0;
				GCC_PREPROCESSOR_DEFINITIONS = (
					"DEBUG=1",
					"$(inherited)",
				);
				GCC_SYMBOLS_PRIVATE_EXTERN = NO;
				GCC_WARN_ABOUT_RETURN_TYPE = YES;
				GCC_WARN_UNINITIALIZED_AUTOS = YES;
				GCC_WARN_UNUSED_VARIABLE = YES;
				IPHONEOS_DEPLOYMENT_TARGET = 6.0;
				ONLY_ACTIVE_ARCH = YES;
				OTHER_CFLAGS = "-Werror";
				SDKROOT = iphoneos;
				TARGETED_DEVICE_FAMILY = "1,2";
			};
			name = Debug;
		};
		AEFCCE3C166EBF7D00D5AA5A /* Release */ = {
			isa = XCBuildConfiguration;
			buildSettings = {
				ALWAYS_SEARCH_USER_PATHS = NO;
				CLANG_CXX_LANGUAGE_STANDARD = "gnu++0x";
				CLANG_CXX_LIBRARY = "libc++";
				CLANG_ENABLE_OBJC_ARC = YES;
				CLANG_WARN_EMPTY_BODY = YES;
				CLANG_WARN__DUPLICATE_METHOD_MATCH = YES;
				"CODE_SIGN_IDENTITY[sdk=iphoneos*]" = "iPhone Developer";
				COPY_PHASE_STRIP = YES;
				GCC_C_LANGUAGE_STANDARD = gnu99;
				GCC_WARN_ABOUT_RETURN_TYPE = YES;
				GCC_WARN_UNINITIALIZED_AUTOS = YES;
				GCC_WARN_UNUSED_VARIABLE = YES;
				IPHONEOS_DEPLOYMENT_TARGET = 6.0;
				OTHER_CFLAGS = (
					"-DNS_BLOCK_ASSERTIONS=1",
					"-Werror",
				);
				SDKROOT = iphoneos;
				TARGETED_DEVICE_FAMILY = "1,2";
				VALIDATE_PRODUCT = YES;
			};
			name = Release;
		};
		AEFCCE3E166EBF7D00D5AA5A /* Debug */ = {
			isa = XCBuildConfiguration;
			buildSettings = {
				GCC_PRECOMPILE_PREFIX_HEADER = YES;
				GCC_PREFIX_HEADER = "Karrabing/Karrabing-Prefix.pch";
				INFOPLIST_FILE = "Karrabing/Karrabing-Info.plist";
				PRODUCT_NAME = "$(TARGET_NAME)";
				WRAPPER_EXTENSION = app;
			};
			name = Debug;
		};
		AEFCCE3F166EBF7D00D5AA5A /* Release */ = {
			isa = XCBuildConfiguration;
			buildSettings = {
				GCC_PRECOMPILE_PREFIX_HEADER = YES;
				GCC_PREFIX_HEADER = "Karrabing/Karrabing-Prefix.pch";
				INFOPLIST_FILE = "Karrabing/Karrabing-Info.plist";
				PRODUCT_NAME = "$(TARGET_NAME)";
				WRAPPER_EXTENSION = app;
			};
			name = Release;
		};
/* End XCBuildConfiguration section */

/* Begin XCConfigurationList section */
		AE533FF6166EC06000B5BEA1 /* Build configuration list for PBXNativeTarget "UISpecs" */ = {
			isa = XCConfigurationList;
			buildConfigurations = (
				AE533FF4166EC06000B5BEA1 /* Debug */,
				AE533FF5166EC06000B5BEA1 /* Release */,
			);
			defaultConfigurationIsVisible = 0;
			defaultConfigurationName = Release;
		};
		AE534008166EC0A900B5BEA1 /* Build configuration list for PBXNativeTarget "Specs" */ = {
			isa = XCConfigurationList;
			buildConfigurations = (
				AE534009166EC0A900B5BEA1 /* Debug */,
				AE53400A166EC0A900B5BEA1 /* Release */,
			);
			defaultConfigurationIsVisible = 0;
			defaultConfigurationName = Release;
		};
		AEFCCE19166EBF7D00D5AA5A /* Build configuration list for PBXProject "Karrabing" */ = {
			isa = XCConfigurationList;
			buildConfigurations = (
				AEFCCE3B166EBF7D00D5AA5A /* Debug */,
				AEFCCE3C166EBF7D00D5AA5A /* Release */,
			);
			defaultConfigurationIsVisible = 0;
			defaultConfigurationName = Release;
		};
		AEFCCE3D166EBF7D00D5AA5A /* Build configuration list for PBXNativeTarget "Karrabing" */ = {
			isa = XCConfigurationList;
			buildConfigurations = (
				AEFCCE3E166EBF7D00D5AA5A /* Debug */,
				AEFCCE3F166EBF7D00D5AA5A /* Release */,
			);
			defaultConfigurationIsVisible = 0;
			defaultConfigurationName = Release;
		};
/* End XCConfigurationList section */
	};
	rootObject = AEFCCE16166EBF7D00D5AA5A /* Project object */;
}
